// !$*UTF8*$!
{
	archiveVersion = 1;
	classes = {
	};
	objectVersion = 46;
	objects = {

/* Begin PBXBuildFile section */
		AE863A611C94CB9D00BCD2EC /* AppDelegate.swift in Sources */ = {isa = PBXBuildFile; fileRef = AE863A601C94CB9D00BCD2EC /* AppDelegate.swift */; };
		AE863A631C94CB9D00BCD2EC /* ViewController.swift in Sources */ = {isa = PBXBuildFile; fileRef = AE863A621C94CB9D00BCD2EC /* ViewController.swift */; };
		AE863A661C94CB9D00BCD2EC /* Main.storyboard in Resources */ = {isa = PBXBuildFile; fileRef = AE863A641C94CB9D00BCD2EC /* Main.storyboard */; };
		AE863A681C94CB9D00BCD2EC /* Assets.xcassets in Resources */ = {isa = PBXBuildFile; fileRef = AE863A671C94CB9D00BCD2EC /* Assets.xcassets */; };
		AE863A6B1C94CB9D00BCD2EC /* LaunchScreen.storyboard in Resources */ = {isa = PBXBuildFile; fileRef = AE863A691C94CB9D00BCD2EC /* LaunchScreen.storyboard */; };
/* End PBXBuildFile section */

/* Begin PBXFileReference section */
		AE863A5D1C94CB9C00BCD2EC /* Psylocke.app */ = {isa = PBXFileReference; explicitFileType = wrapper.application; includeInIndex = 0; path = Psylocke.app; sourceTree = BUILT_PRODUCTS_DIR; };
		AE863A601C94CB9D00BCD2EC /* AppDelegate.swift */ = {isa = PBXFileReference; lastKnownFileType = sourcecode.swift; path = AppDelegate.swift; sourceTree = "<group>"; };
		AE863A621C94CB9D00BCD2EC /* ViewController.swift */ = {isa = PBXFileReference; lastKnownFileType = sourcecode.swift; path = ViewController.swift; sourceTree = "<group>"; };
		AE863A651C94CB9D00BCD2EC /* Base */ = {isa = PBXFileReference; lastKnownFileType = file.storyboard; name = Base; path = Base.lproj/Main.storyboard; sourceTree = "<group>"; };
		AE863A671C94CB9D00BCD2EC /* Assets.xcassets */ = {isa = PBXFileReference; lastKnownFileType = folder.assetcatalog; path = Assets.xcassets; sourceTree = "<group>"; };
		AE863A6A1C94CB9D00BCD2EC /* Base */ = {isa = PBXFileReference; lastKnownFileType = file.storyboard; name = Base; path = Base.lproj/LaunchScreen.storyboard; sourceTree = "<group>"; };
		AE863A6C1C94CB9D00BCD2EC /* Info.plist */ = {isa = PBXFileReference; lastKnownFileType = text.plist.xml; path = Info.plist; sourceTree = "<group>"; };
/* End PBXFileReference section */

/* Begin PBXFrameworksBuildPhase section */
		AE863A5A1C94CB9C00BCD2EC /* Frameworks */ = {
			isa = PBXFrameworksBuildPhase;
			buildActionMask = 2147483647;
			files = (
			);
			runOnlyForDeploymentPostprocessing = 0;
		};
/* End PBXFrameworksBuildPhase section */

/* Begin PBXGroup section */
		AE863A541C94CB9C00BCD2EC = {
			isa = PBXGroup;
			children = (
				AE863A5F1C94CB9C00BCD2EC /* Psylocke */,
				AE863A5E1C94CB9C00BCD2EC /* Products */,
			);
			sourceTree = "<group>";
		};
		AE863A5E1C94CB9C00BCD2EC /* Products */ = {
			isa = PBXGroup;
			children = (
				AE863A5D1C94CB9C00BCD2EC /* Psylocke.app */,
			);
			name = Products;
			sourceTree = "<group>";
		};
		AE863A5F1C94CB9C00BCD2EC /* Psylocke */ = {
			isa = PBXGroup;
			children = (
				AE863A601C94CB9D00BCD2EC /* AppDelegate.swift */,
				AE863A621C94CB9D00BCD2EC /* ViewController.swift */,
				AE863A641C94CB9D00BCD2EC /* Main.storyboard */,
				AE863A671C94CB9D00BCD2EC /* Assets.xcassets */,
				AE863A691C94CB9D00BCD2EC /* LaunchScreen.storyboard */,
				AE863A6C1C94CB9D00BCD2EC /* Info.plist */,
			);
			path = Psylocke;
			sourceTree = "<group>";
		};
/* End PBXGroup section */

/* Begin PBXNativeTarget section */
		AE863A5C1C94CB9C00BCD2EC /* Psylocke */ = {
			isa = PBXNativeTarget;
			buildConfigurationList = AE863A6F1C94CB9D00BCD2EC /* Build configuration list for PBXNativeTarget "Psylocke" */;
			buildPhases = (
				AE863A591C94CB9C00BCD2EC /* Sources */,
				AE863A5A1C94CB9C00BCD2EC /* Frameworks */,
				AE863A5B1C94CB9C00BCD2EC /* Resources */,
			);
			buildRules = (
			);
			dependencies = (
			);
			name = Psylocke;
			productName = Psylocke;
			productReference = AE863A5D1C94CB9C00BCD2EC /* Psylocke.app */;
			productType = "com.apple.product-type.application";
		};
/* End PBXNativeTarget section */

/* Begin PBXProject section */
		AE863A551C94CB9C00BCD2EC /* Project object */ = {
			isa = PBXProject;
			attributes = {
				LastSwiftUpdateCheck = 0720;
				LastUpgradeCheck = 0720;
				ORGANIZATIONNAME = Xinyi;
				TargetAttributes = {
					AE863A5C1C94CB9C00BCD2EC = {
						CreatedOnToolsVersion = 7.2.1;
					};
				};
			};
			buildConfigurationList = AE863A581C94CB9C00BCD2EC /* Build configuration list for PBXProject "Psylocke" */;
			compatibilityVersion = "Xcode 3.2";
			developmentRegion = English;
			hasScannedForEncodings = 0;
			knownRegions = (
				en,
				Base,
			);
			mainGroup = AE863A541C94CB9C00BCD2EC;
			productRefGroup = AE863A5E1C94CB9C00BCD2EC /* Products */;
			projectDirPath = "";
			projectRoot = "";
			targets = (
				AE863A5C1C94CB9C00BCD2EC /* Psylocke */,
			);
		};
/* End PBXProject section */

/* Begin PBXResourcesBuildPhase section */
		AE863A5B1C94CB9C00BCD2EC /* Resources */ = {
			isa = PBXResourcesBuildPhase;
			buildActionMask = 2147483647;
			files = (
				AE863A6B1C94CB9D00BCD2EC /* LaunchScreen.storyboard in Resources */,
				AE863A681C94CB9D00BCD2EC /* Assets.xcassets in Resources */,
				AE863A661C94CB9D00BCD2EC /* Main.storyboard in Resources */,
			);
			runOnlyForDeploymentPostprocessing = 0;
		};
/* End PBXResourcesBuildPhase section */

/* Begin PBXSourcesBuildPhase section */
		AE863A591C94CB9C00BCD2EC /* Sources */ = {
			isa = PBXSourcesBuildPhase;
			buildActionMask = 2147483647;
			files = (
				AE863A631C94CB9D00BCD2EC /* ViewController.swift in Sources */,
				AE863A611C94CB9D00BCD2EC /* AppDelegate.swift in Sources */,
			);
			runOnlyForDeploymentPostprocessing = 0;
		};
/* End PBXSourcesBuildPhase section */

/* Begin PBXVariantGroup section */
		AE863A641C94CB9D00BCD2EC /* Main.storyboard */ = {
			isa = PBXVariantGroup;
			children = (
				AE863A651C94CB9D00BCD2EC /* Base */,
			);
			name = Main.storyboard;
			sourceTree = "<group>";
		};
		AE863A691C94CB9D00BCD2EC /* LaunchScreen.storyboard */ = {
			isa = PBXVariantGroup;
			children = (
				AE863A6A1C94CB9D00BCD2EC /* Base */,
			);
			name = LaunchScreen.storyboard;
			sourceTree = "<group>";
		};
/* End PBXVariantGroup section */

/* Begin XCBuildConfiguration section */
		AE863A6D1C94CB9D00BCD2EC /* Debug */ = {
			isa = XCBuildConfiguration;
			buildSettings = {
				ALWAYS_SEARCH_USER_PATHS = NO;
				CLANG_CXX_LANGUAGE_STANDARD = "gnu++0x";
				CLANG_CXX_LIBRARY = "libc++";
				CLANG_ENABLE_MODULES = YES;
				CLANG_ENABLE_OBJC_ARC = YES;
				CLANG_WARN_BOOL_CONVERSION = YES;
				CLANG_WARN_CONSTANT_CONVERSION = YES;
				CLANG_WARN_DIRECT_OBJC_ISA_USAGE = YES_ERROR;
				CLANG_WARN_EMPTY_BODY = YES;
				CLANG_WARN_ENUM_CONVERSION = YES;
				CLANG_WARN_INT_CONVERSION = YES;
				CLANG_WARN_OBJC_ROOT_CLASS = YES_ERROR;
				CLANG_WARN_UNREACHABLE_CODE = YES;
				CLANG_WARN__DUPLICATE_METHOD_MATCH = YES;
				"CODE_SIGN_IDENTITY[sdk=iphoneos*]" = "iPhone Developer";
				COPY_PHASE_STRIP = NO;
				DEBUG_INFORMATION_FORMAT = dwarf;
				ENABLE_STRICT_OBJC_MSGSEND = YES;
				ENABLE_TESTABILITY = YES;
				GCC_C_LANGUAGE_STANDARD = gnu99;
				GCC_DYNAMIC_NO_PIC = NO;
				GCC_NO_COMMON_BLOCKS = YES;
				GCC_OPTIMIZATION_LEVEL = 0;
				GCC_PREPROCESSOR_DEFINITIONS = (
					"DEBUG=1",
					"$(inherited)",
				);
				GCC_WARN_64_TO_32_BIT_CONVERSION = YES;
				GCC_WARN_ABOUT_RETURN_TYPE = YES_ERROR;
				GCC_WARN_UNDECLARED_SELECTOR = YES;
				GCC_WARN_UNINITIALIZED_AUTOS = YES_AGGRESSIVE;
				GCC_WARN_UNUSED_FUNCTION = YES;
				GCC_WARN_UNUSED_VARIABLE = YES;
				IPHONEOS_DEPLOYMENT_TARGET = 9.2;
				MTL_ENABLE_DEBUG_INFO = YES;
				ONLY_ACTIVE_ARCH = YES;
				SDKROOT = iphoneos;
				SWIFT_OPTIMIZATION_LEVEL = "-Onone";
			};
			name = Debug;
		};
		AE863A6E1C94CB9D00BCD2EC /* Release */ = {
			isa = XCBuildConfiguration;
			buildSettings = {
				ALWAYS_SEARCH_USER_PATHS = NO;
				CLANG_CXX_LANGUAGE_STANDARD = "gnu++0x";
				CLANG_CXX_LIBRARY = "libc++";
				CLANG_ENABLE_MODULES = YES;
				CLANG_ENABLE_OBJC_ARC = YES;
				CLANG_WARN_BOOL_CONVERSION = YES;
				CLANG_WARN_CONSTANT_CONVERSION = YES;
				CLANG_WARN_DIRECT_OBJC_ISA_USAGE = YES_ERROR;
				CLANG_WARN_EMPTY_BODY = YES;
				CLANG_WARN_ENUM_CONVERSION = YES;
				CLANG_WARN_INT_CONVERSION = YES;
				CLANG_WARN_OBJC_ROOT_CLASS = YES_ERROR;
				CLANG_WARN_UNREACHABLE_CODE = YES;
				CLANG_WARN__DUPLICATE_METHOD_MATCH = YES;
				"CODE_SIGN_IDENTITY[sdk=iphoneos*]" = "iPhone Developer";
				COPY_PHASE_STRIP = NO;
				DEBUG_INFORMATION_FORMAT = "dwarf-with-dsym";
				ENABLE_NS_ASSERTIONS = NO;
				ENABLE_STRICT_OBJC_MSGSEND = YES;
				GCC_C_LANGUAGE_STANDARD = gnu99;
				GCC_NO_COMMON_BLOCKS = YES;
				GCC_WARN_64_TO_32_BIT_CONVERSION = YES;
				GCC_WARN_ABOUT_RETURN_TYPE = YES_ERROR;
				GCC_WARN_UNDECLARED_SELECTOR = YES;
				GCC_WARN_UNINITIALIZED_AUTOS = YES_AGGRESSIVE;
				GCC_WARN_UNUSED_FUNCTION = YES;
				GCC_WARN_UNUSED_VARIABLE = YES;
				IPHONEOS_DEPLOYMENT_TARGET = 9.2;
				MTL_ENABLE_DEBUG_INFO = NO;
				SDKROOT = iphoneos;
				VALIDATE_PRODUCT = YES;
			};
			name = Release;
		};
		AE863A701C94CB9D00BCD2EC /* Debug */ = {
			isa = XCBuildConfiguration;
			buildSettings = {
				ASSETCATALOG_COMPILER_APPICON_NAME = AppIcon;
				INFOPLIST_FILE = Psylocke/Info.plist;
				LD_RUNPATH_SEARCH_PATHS = "$(inherited) @executable_path/Frameworks";
				PRODUCT_BUNDLE_IDENTIFIER = com.xinyi.Psylocke;
				PRODUCT_NAME = "$(TARGET_NAME)";
			};
			name = Debug;
		};
		AE863A711C94CB9D00BCD2EC /* Release */ = {
			isa = XCBuildConfiguration;
			buildSettings = {
				ASSETCATALOG_COMPILER_APPICON_NAME = AppIcon;
				INFOPLIST_FILE = Psylocke/Info.plist;
				LD_RUNPATH_SEARCH_PATHS = "$(inherited) @executable_path/Frameworks";
				PRODUCT_BUNDLE_IDENTIFIER = com.xinyi.Psylocke;
				PRODUCT_NAME = "$(TARGET_NAME)";
			};
			name = Release;
		};
/* End XCBuildConfiguration section */

/* Begin XCConfigurationList section */
		AE863A581C94CB9C00BCD2EC /* Build configuration list for PBXProject "Psylocke" */ = {
			isa = XCConfigurationList;
			buildConfigurations = (
				AE863A6D1C94CB9D00BCD2EC /* Debug */,
				AE863A6E1C94CB9D00BCD2EC /* Release */,
			);
			defaultConfigurationIsVisible = 0;
			defaultConfigurationName = Release;
		};
		AE863A6F1C94CB9D00BCD2EC /* Build configuration list for PBXNativeTarget "Psylocke" */ = {
			isa = XCConfigurationList;
			buildConfigurations = (
				AE863A701C94CB9D00BCD2EC /* Debug */,
				AE863A711C94CB9D00BCD2EC /* Release */,
			);
			defaultConfigurationIsVisible = 0;
		};
/* End XCConfigurationList section */
	};
	rootObject = AE863A551C94CB9C00BCD2EC /* Project object */;
}
