// !$*UTF8*$!
{
	archiveVersion = 1;
	classes = {
	};
	objectVersion = 46;
	objects = {

/* Begin PBXBuildFile section */
		AE1307301CD2EEA800A788F1 /* test.png in Resources */ = {isa = PBXBuildFile; fileRef = AE13072F1CD2EEA800A788F1 /* test.png */; };
		AE863A611C94CB9D00BCD2EC /* AppDelegate.swift in Sources */ = {isa = PBXBuildFile; fileRef = AE863A601C94CB9D00BCD2EC /* AppDelegate.swift */; };
		AE863A631C94CB9D00BCD2EC /* ViewController.swift in Sources */ = {isa = PBXBuildFile; fileRef = AE863A621C94CB9D00BCD2EC /* ViewController.swift */; };
		AE863A661C94CB9D00BCD2EC /* Main.storyboard in Resources */ = {isa = PBXBuildFile; fileRef = AE863A641C94CB9D00BCD2EC /* Main.storyboard */; };
		AE863A681C94CB9D00BCD2EC /* Assets.xcassets in Resources */ = {isa = PBXBuildFile; fileRef = AE863A671C94CB9D00BCD2EC /* Assets.xcassets */; };
		AE863A6B1C94CB9D00BCD2EC /* LaunchScreen.storyboard in Resources */ = {isa = PBXBuildFile; fileRef = AE863A691C94CB9D00BCD2EC /* LaunchScreen.storyboard */; };
		AEB7AB511C9741C000DCCFB5 /* Psylocke.swift in Sources */ = {isa = PBXBuildFile; fileRef = AEB7AB501C9741C000DCCFB5 /* Psylocke.swift */; };
		AEBDA4871CD6B3380042ED8D /* aligned_2.png in Resources */ = {isa = PBXBuildFile; fileRef = AEBDA4861CD6B3380042ED8D /* aligned_2.png */; };
		AEBDA4961CD6F3630042ED8D /* AFHTTPSessionManager.m in Sources */ = {isa = PBXBuildFile; fileRef = AEBDA48A1CD6F3630042ED8D /* AFHTTPSessionManager.m */; };
		AEBDA4971CD6F3630042ED8D /* AFNetworkReachabilityManager.m in Sources */ = {isa = PBXBuildFile; fileRef = AEBDA48D1CD6F3630042ED8D /* AFNetworkReachabilityManager.m */; };
		AEBDA4981CD6F3630042ED8D /* AFSecurityPolicy.m in Sources */ = {isa = PBXBuildFile; fileRef = AEBDA48F1CD6F3630042ED8D /* AFSecurityPolicy.m */; };
		AEBDA4991CD6F3630042ED8D /* AFURLRequestSerialization.m in Sources */ = {isa = PBXBuildFile; fileRef = AEBDA4911CD6F3630042ED8D /* AFURLRequestSerialization.m */; };
		AEBDA49A1CD6F3630042ED8D /* AFURLResponseSerialization.m in Sources */ = {isa = PBXBuildFile; fileRef = AEBDA4931CD6F3630042ED8D /* AFURLResponseSerialization.m */; };
		AEBDA49B1CD6F3630042ED8D /* AFURLSessionManager.m in Sources */ = {isa = PBXBuildFile; fileRef = AEBDA4951CD6F3630042ED8D /* AFURLSessionManager.m */; };
		AEBDA4B11CD6F3700042ED8D /* AFAutoPurgingImageCache.m in Sources */ = {isa = PBXBuildFile; fileRef = AEBDA49E1CD6F3700042ED8D /* AFAutoPurgingImageCache.m */; };
		AEBDA4B21CD6F3700042ED8D /* AFImageDownloader.m in Sources */ = {isa = PBXBuildFile; fileRef = AEBDA4A01CD6F3700042ED8D /* AFImageDownloader.m */; };
		AEBDA4B31CD6F3700042ED8D /* AFNetworkActivityIndicatorManager.m in Sources */ = {isa = PBXBuildFile; fileRef = AEBDA4A21CD6F3700042ED8D /* AFNetworkActivityIndicatorManager.m */; };
		AEBDA4B41CD6F3700042ED8D /* UIActivityIndicatorView+AFNetworking.m in Sources */ = {isa = PBXBuildFile; fileRef = AEBDA4A41CD6F3700042ED8D /* UIActivityIndicatorView+AFNetworking.m */; };
		AEBDA4B51CD6F3700042ED8D /* UIButton+AFNetworking.m in Sources */ = {isa = PBXBuildFile; fileRef = AEBDA4A61CD6F3700042ED8D /* UIButton+AFNetworking.m */; };
		AEBDA4B61CD6F3700042ED8D /* UIImageView+AFNetworking.m in Sources */ = {isa = PBXBuildFile; fileRef = AEBDA4A91CD6F3700042ED8D /* UIImageView+AFNetworking.m */; };
		AEBDA4B71CD6F3700042ED8D /* UIProgressView+AFNetworking.m in Sources */ = {isa = PBXBuildFile; fileRef = AEBDA4AC1CD6F3700042ED8D /* UIProgressView+AFNetworking.m */; };
		AEBDA4B81CD6F3700042ED8D /* UIRefreshControl+AFNetworking.m in Sources */ = {isa = PBXBuildFile; fileRef = AEBDA4AE1CD6F3700042ED8D /* UIRefreshControl+AFNetworking.m */; };
		AEBDA4B91CD6F3700042ED8D /* UIWebView+AFNetworking.m in Sources */ = {isa = PBXBuildFile; fileRef = AEBDA4B01CD6F3700042ED8D /* UIWebView+AFNetworking.m */; };
		AEBDA4BF1CD91F730042ED8D /* EntryViewController.swift in Sources */ = {isa = PBXBuildFile; fileRef = AEBDA4BE1CD91F730042ED8D /* EntryViewController.swift */; };
		AEC9C8691CC5DF2F00A2CFA4 /* FisherFace.cpp in Sources */ = {isa = PBXBuildFile; fileRef = AEC9C8671CC5DF2F00A2CFA4 /* FisherFace.cpp */; };
		AED31D991CC48E4700A24622 /* opencv2.framework in Frameworks */ = {isa = PBXBuildFile; fileRef = AED31D981CC48E4700A24622 /* opencv2.framework */; };
		AED31D9C1CC48FAD00A24622 /* haarcascade_frontalface_default.xml in Resources */ = {isa = PBXBuildFile; fileRef = AED31D9B1CC48FAD00A24622 /* haarcascade_frontalface_default.xml */; };
		AED31DA31CC4912F00A24622 /* yalefaces in Resources */ = {isa = PBXBuildFile; fileRef = AED31DA21CC4912F00A24622 /* yalefaces */; };
		AED31DAC1CC4A17A00A24622 /* libjpeg.a in Frameworks */ = {isa = PBXBuildFile; fileRef = AED31DAB1CC4A17A00A24622 /* libjpeg.a */; };
		AED31DB41CC4B2CD00A24622 /* subject03.png in Resources */ = {isa = PBXBuildFile; fileRef = AED31DB31CC4B2CD00A24622 /* subject03.png */; };
		AED31DB61CC57D9100A24622 /* kobe.png in Resources */ = {isa = PBXBuildFile; fileRef = AED31DB51CC57D9100A24622 /* kobe.png */; };
		AED31DB91CC5D47600A24622 /* OpenCVBridge.mm in Sources */ = {isa = PBXBuildFile; fileRef = AED31DB81CC5D47600A24622 /* OpenCVBridge.mm */; };
		AEDFB9B81CD06CD500FB32F7 /* xinyiface in Resources */ = {isa = PBXBuildFile; fileRef = AEDFB9B71CD06CD500FB32F7 /* xinyiface */; };
		AEDFB9BA1CD071C300FB32F7 /* original in Resources */ = {isa = PBXBuildFile; fileRef = AEDFB9B91CD071C300FB32F7 /* original */; };
		AEDFB9BE1CD13EBC00FB32F7 /* angle.png in Resources */ = {isa = PBXBuildFile; fileRef = AEDFB9BD1CD13EBC00FB32F7 /* angle.png */; };
/* End PBXBuildFile section */

/* Begin PBXFileReference section */
		AE13072F1CD2EEA800A788F1 /* test.png */ = {isa = PBXFileReference; lastKnownFileType = image.png; path = test.png; sourceTree = "<group>"; };
		AE863A5D1C94CB9C00BCD2EC /* Psylocke.app */ = {isa = PBXFileReference; explicitFileType = wrapper.application; includeInIndex = 0; path = Psylocke.app; sourceTree = BUILT_PRODUCTS_DIR; };
		AE863A601C94CB9D00BCD2EC /* AppDelegate.swift */ = {isa = PBXFileReference; lastKnownFileType = sourcecode.swift; path = AppDelegate.swift; sourceTree = "<group>"; };
		AE863A621C94CB9D00BCD2EC /* ViewController.swift */ = {isa = PBXFileReference; lastKnownFileType = sourcecode.swift; path = ViewController.swift; sourceTree = "<group>"; };
		AE863A651C94CB9D00BCD2EC /* Base */ = {isa = PBXFileReference; lastKnownFileType = file.storyboard; name = Base; path = Base.lproj/Main.storyboard; sourceTree = "<group>"; };
		AE863A671C94CB9D00BCD2EC /* Assets.xcassets */ = {isa = PBXFileReference; lastKnownFileType = folder.assetcatalog; path = Assets.xcassets; sourceTree = "<group>"; };
		AE863A6A1C94CB9D00BCD2EC /* Base */ = {isa = PBXFileReference; lastKnownFileType = file.storyboard; name = Base; path = Base.lproj/LaunchScreen.storyboard; sourceTree = "<group>"; };
		AE863A6C1C94CB9D00BCD2EC /* Info.plist */ = {isa = PBXFileReference; lastKnownFileType = text.plist.xml; path = Info.plist; sourceTree = "<group>"; };
		AEB7AB501C9741C000DCCFB5 /* Psylocke.swift */ = {isa = PBXFileReference; fileEncoding = 4; lastKnownFileType = sourcecode.swift; path = Psylocke.swift; sourceTree = "<group>"; };
		AEBDA4861CD6B3380042ED8D /* aligned_2.png */ = {isa = PBXFileReference; lastKnownFileType = image.png; path = aligned_2.png; sourceTree = "<group>"; };
		AEBDA4891CD6F3630042ED8D /* AFHTTPSessionManager.h */ = {isa = PBXFileReference; fileEncoding = 4; lastKnownFileType = sourcecode.c.h; path = AFHTTPSessionManager.h; sourceTree = "<group>"; };
		AEBDA48A1CD6F3630042ED8D /* AFHTTPSessionManager.m */ = {isa = PBXFileReference; fileEncoding = 4; lastKnownFileType = sourcecode.c.objc; path = AFHTTPSessionManager.m; sourceTree = "<group>"; };
		AEBDA48B1CD6F3630042ED8D /* AFNetworking.h */ = {isa = PBXFileReference; fileEncoding = 4; lastKnownFileType = sourcecode.c.h; path = AFNetworking.h; sourceTree = "<group>"; };
		AEBDA48C1CD6F3630042ED8D /* AFNetworkReachabilityManager.h */ = {isa = PBXFileReference; fileEncoding = 4; lastKnownFileType = sourcecode.c.h; path = AFNetworkReachabilityManager.h; sourceTree = "<group>"; };
		AEBDA48D1CD6F3630042ED8D /* AFNetworkReachabilityManager.m */ = {isa = PBXFileReference; fileEncoding = 4; lastKnownFileType = sourcecode.c.objc; path = AFNetworkReachabilityManager.m; sourceTree = "<group>"; };
		AEBDA48E1CD6F3630042ED8D /* AFSecurityPolicy.h */ = {isa = PBXFileReference; fileEncoding = 4; lastKnownFileType = sourcecode.c.h; path = AFSecurityPolicy.h; sourceTree = "<group>"; };
		AEBDA48F1CD6F3630042ED8D /* AFSecurityPolicy.m */ = {isa = PBXFileReference; fileEncoding = 4; lastKnownFileType = sourcecode.c.objc; path = AFSecurityPolicy.m; sourceTree = "<group>"; };
		AEBDA4901CD6F3630042ED8D /* AFURLRequestSerialization.h */ = {isa = PBXFileReference; fileEncoding = 4; lastKnownFileType = sourcecode.c.h; path = AFURLRequestSerialization.h; sourceTree = "<group>"; };
		AEBDA4911CD6F3630042ED8D /* AFURLRequestSerialization.m */ = {isa = PBXFileReference; fileEncoding = 4; lastKnownFileType = sourcecode.c.objc; path = AFURLRequestSerialization.m; sourceTree = "<group>"; };
		AEBDA4921CD6F3630042ED8D /* AFURLResponseSerialization.h */ = {isa = PBXFileReference; fileEncoding = 4; lastKnownFileType = sourcecode.c.h; path = AFURLResponseSerialization.h; sourceTree = "<group>"; };
		AEBDA4931CD6F3630042ED8D /* AFURLResponseSerialization.m */ = {isa = PBXFileReference; fileEncoding = 4; lastKnownFileType = sourcecode.c.objc; path = AFURLResponseSerialization.m; sourceTree = "<group>"; };
		AEBDA4941CD6F3630042ED8D /* AFURLSessionManager.h */ = {isa = PBXFileReference; fileEncoding = 4; lastKnownFileType = sourcecode.c.h; path = AFURLSessionManager.h; sourceTree = "<group>"; };
		AEBDA4951CD6F3630042ED8D /* AFURLSessionManager.m */ = {isa = PBXFileReference; fileEncoding = 4; lastKnownFileType = sourcecode.c.objc; path = AFURLSessionManager.m; sourceTree = "<group>"; };
		AEBDA49D1CD6F3700042ED8D /* AFAutoPurgingImageCache.h */ = {isa = PBXFileReference; fileEncoding = 4; lastKnownFileType = sourcecode.c.h; path = AFAutoPurgingImageCache.h; sourceTree = "<group>"; };
		AEBDA49E1CD6F3700042ED8D /* AFAutoPurgingImageCache.m */ = {isa = PBXFileReference; fileEncoding = 4; lastKnownFileType = sourcecode.c.objc; path = AFAutoPurgingImageCache.m; sourceTree = "<group>"; };
		AEBDA49F1CD6F3700042ED8D /* AFImageDownloader.h */ = {isa = PBXFileReference; fileEncoding = 4; lastKnownFileType = sourcecode.c.h; path = AFImageDownloader.h; sourceTree = "<group>"; };
		AEBDA4A01CD6F3700042ED8D /* AFImageDownloader.m */ = {isa = PBXFileReference; fileEncoding = 4; lastKnownFileType = sourcecode.c.objc; path = AFImageDownloader.m; sourceTree = "<group>"; };
		AEBDA4A11CD6F3700042ED8D /* AFNetworkActivityIndicatorManager.h */ = {isa = PBXFileReference; fileEncoding = 4; lastKnownFileType = sourcecode.c.h; path = AFNetworkActivityIndicatorManager.h; sourceTree = "<group>"; };
		AEBDA4A21CD6F3700042ED8D /* AFNetworkActivityIndicatorManager.m */ = {isa = PBXFileReference; fileEncoding = 4; lastKnownFileType = sourcecode.c.objc; path = AFNetworkActivityIndicatorManager.m; sourceTree = "<group>"; };
		AEBDA4A31CD6F3700042ED8D /* UIActivityIndicatorView+AFNetworking.h */ = {isa = PBXFileReference; fileEncoding = 4; lastKnownFileType = sourcecode.c.h; path = "UIActivityIndicatorView+AFNetworking.h"; sourceTree = "<group>"; };
		AEBDA4A41CD6F3700042ED8D /* UIActivityIndicatorView+AFNetworking.m */ = {isa = PBXFileReference; fileEncoding = 4; lastKnownFileType = sourcecode.c.objc; path = "UIActivityIndicatorView+AFNetworking.m"; sourceTree = "<group>"; };
		AEBDA4A51CD6F3700042ED8D /* UIButton+AFNetworking.h */ = {isa = PBXFileReference; fileEncoding = 4; lastKnownFileType = sourcecode.c.h; path = "UIButton+AFNetworking.h"; sourceTree = "<group>"; };
		AEBDA4A61CD6F3700042ED8D /* UIButton+AFNetworking.m */ = {isa = PBXFileReference; fileEncoding = 4; lastKnownFileType = sourcecode.c.objc; path = "UIButton+AFNetworking.m"; sourceTree = "<group>"; };
		AEBDA4A71CD6F3700042ED8D /* UIImage+AFNetworking.h */ = {isa = PBXFileReference; fileEncoding = 4; lastKnownFileType = sourcecode.c.h; path = "UIImage+AFNetworking.h"; sourceTree = "<group>"; };
		AEBDA4A81CD6F3700042ED8D /* UIImageView+AFNetworking.h */ = {isa = PBXFileReference; fileEncoding = 4; lastKnownFileType = sourcecode.c.h; path = "UIImageView+AFNetworking.h"; sourceTree = "<group>"; };
		AEBDA4A91CD6F3700042ED8D /* UIImageView+AFNetworking.m */ = {isa = PBXFileReference; fileEncoding = 4; lastKnownFileType = sourcecode.c.objc; path = "UIImageView+AFNetworking.m"; sourceTree = "<group>"; };
		AEBDA4AA1CD6F3700042ED8D /* UIKit+AFNetworking.h */ = {isa = PBXFileReference; fileEncoding = 4; lastKnownFileType = sourcecode.c.h; path = "UIKit+AFNetworking.h"; sourceTree = "<group>"; };
		AEBDA4AB1CD6F3700042ED8D /* UIProgressView+AFNetworking.h */ = {isa = PBXFileReference; fileEncoding = 4; lastKnownFileType = sourcecode.c.h; path = "UIProgressView+AFNetworking.h"; sourceTree = "<group>"; };
		AEBDA4AC1CD6F3700042ED8D /* UIProgressView+AFNetworking.m */ = {isa = PBXFileReference; fileEncoding = 4; lastKnownFileType = sourcecode.c.objc; path = "UIProgressView+AFNetworking.m"; sourceTree = "<group>"; };
		AEBDA4AD1CD6F3700042ED8D /* UIRefreshControl+AFNetworking.h */ = {isa = PBXFileReference; fileEncoding = 4; lastKnownFileType = sourcecode.c.h; path = "UIRefreshControl+AFNetworking.h"; sourceTree = "<group>"; };
		AEBDA4AE1CD6F3700042ED8D /* UIRefreshControl+AFNetworking.m */ = {isa = PBXFileReference; fileEncoding = 4; lastKnownFileType = sourcecode.c.objc; path = "UIRefreshControl+AFNetworking.m"; sourceTree = "<group>"; };
		AEBDA4AF1CD6F3700042ED8D /* UIWebView+AFNetworking.h */ = {isa = PBXFileReference; fileEncoding = 4; lastKnownFileType = sourcecode.c.h; path = "UIWebView+AFNetworking.h"; sourceTree = "<group>"; };
		AEBDA4B01CD6F3700042ED8D /* UIWebView+AFNetworking.m */ = {isa = PBXFileReference; fileEncoding = 4; lastKnownFileType = sourcecode.c.objc; path = "UIWebView+AFNetworking.m"; sourceTree = "<group>"; };
		AEBDA4BE1CD91F730042ED8D /* EntryViewController.swift */ = {isa = PBXFileReference; fileEncoding = 4; lastKnownFileType = sourcecode.swift; name = EntryViewController.swift; path = ../EntryViewController.swift; sourceTree = "<group>"; };
		AEC9C8671CC5DF2F00A2CFA4 /* FisherFace.cpp */ = {isa = PBXFileReference; fileEncoding = 4; lastKnownFileType = sourcecode.cpp.cpp; path = FisherFace.cpp; sourceTree = "<group>"; };
		AEC9C8681CC5DF2F00A2CFA4 /* FisherFace.hpp */ = {isa = PBXFileReference; fileEncoding = 4; lastKnownFileType = sourcecode.cpp.h; path = FisherFace.hpp; sourceTree = "<group>"; };
		AED31D981CC48E4700A24622 /* opencv2.framework */ = {isa = PBXFileReference; lastKnownFileType = wrapper.framework; path = opencv2.framework; sourceTree = "<group>"; };
		AED31D9B1CC48FAD00A24622 /* haarcascade_frontalface_default.xml */ = {isa = PBXFileReference; fileEncoding = 4; lastKnownFileType = text.xml; path = haarcascade_frontalface_default.xml; sourceTree = "<group>"; };
		AED31D9E1CC4907600A24622 /* Psylocke-Bridging-Header.h */ = {isa = PBXFileReference; lastKnownFileType = sourcecode.c.h; path = "Psylocke-Bridging-Header.h"; sourceTree = "<group>"; };
		AED31DA21CC4912F00A24622 /* yalefaces */ = {isa = PBXFileReference; lastKnownFileType = folder; path = yalefaces; sourceTree = "<group>"; };
		AED31DAB1CC4A17A00A24622 /* libjpeg.a */ = {isa = PBXFileReference; lastKnownFileType = archive.ar; path = libjpeg.a; sourceTree = "<group>"; };
		AED31DB31CC4B2CD00A24622 /* subject03.png */ = {isa = PBXFileReference; lastKnownFileType = image.png; path = subject03.png; sourceTree = "<group>"; };
		AED31DB51CC57D9100A24622 /* kobe.png */ = {isa = PBXFileReference; lastKnownFileType = image.png; path = kobe.png; sourceTree = "<group>"; };
		AED31DB71CC5D47600A24622 /* OpenCVBridge.h */ = {isa = PBXFileReference; fileEncoding = 4; lastKnownFileType = sourcecode.c.h; path = OpenCVBridge.h; sourceTree = "<group>"; };
		AED31DB81CC5D47600A24622 /* OpenCVBridge.mm */ = {isa = PBXFileReference; fileEncoding = 4; lastKnownFileType = sourcecode.cpp.objcpp; path = OpenCVBridge.mm; sourceTree = "<group>"; };
		AEDFB9B71CD06CD500FB32F7 /* xinyiface */ = {isa = PBXFileReference; lastKnownFileType = folder; path = xinyiface; sourceTree = "<group>"; };
		AEDFB9B91CD071C300FB32F7 /* original */ = {isa = PBXFileReference; lastKnownFileType = folder; path = original; sourceTree = "<group>"; };
		AEDFB9BD1CD13EBC00FB32F7 /* angle.png */ = {isa = PBXFileReference; lastKnownFileType = image.png; path = angle.png; sourceTree = "<group>"; };
/* End PBXFileReference section */

/* Begin PBXFrameworksBuildPhase section */
		AE863A5A1C94CB9C00BCD2EC /* Frameworks */ = {
			isa = PBXFrameworksBuildPhase;
			buildActionMask = 2147483647;
			files = (
				AED31D991CC48E4700A24622 /* opencv2.framework in Frameworks */,
				AED31DAC1CC4A17A00A24622 /* libjpeg.a in Frameworks */,
			);
			runOnlyForDeploymentPostprocessing = 0;
		};
/* End PBXFrameworksBuildPhase section */

/* Begin PBXGroup section */
		AE863A541C94CB9C00BCD2EC = {
			isa = PBXGroup;
			children = (
				AEBDA4881CD6F3630042ED8D /* AFNetworking */,
				AEBDA49C1CD6F3700042ED8D /* UIKit+AFNetworking */,
				AED31D5F1CBD594000A24622 /* Framework */,
				AE863A5F1C94CB9C00BCD2EC /* Psylocke */,
				AE863A5E1C94CB9C00BCD2EC /* Products */,
				AED31D9A1CC48E9000A24622 /* Support */,
				AED31D9E1CC4907600A24622 /* Psylocke-Bridging-Header.h */,
			);
			sourceTree = "<group>";
		};
		AE863A5E1C94CB9C00BCD2EC /* Products */ = {
			isa = PBXGroup;
			children = (
				AE863A5D1C94CB9C00BCD2EC /* Psylocke.app */,
			);
			name = Products;
			sourceTree = "<group>";
		};
		AE863A5F1C94CB9C00BCD2EC /* Psylocke */ = {
			isa = PBXGroup;
			children = (
				AE863A601C94CB9D00BCD2EC /* AppDelegate.swift */,
				AEBDA4BE1CD91F730042ED8D /* EntryViewController.swift */,
				AE863A621C94CB9D00BCD2EC /* ViewController.swift */,
				AE863A641C94CB9D00BCD2EC /* Main.storyboard */,
				AE863A671C94CB9D00BCD2EC /* Assets.xcassets */,
				AE863A691C94CB9D00BCD2EC /* LaunchScreen.storyboard */,
				AE863A6C1C94CB9D00BCD2EC /* Info.plist */,
				AEB7AB501C9741C000DCCFB5 /* Psylocke.swift */,
			);
			path = Psylocke;
			sourceTree = "<group>";
		};
		AEBDA4881CD6F3630042ED8D /* AFNetworking */ = {
			isa = PBXGroup;
			children = (
				AEBDA4891CD6F3630042ED8D /* AFHTTPSessionManager.h */,
				AEBDA48A1CD6F3630042ED8D /* AFHTTPSessionManager.m */,
				AEBDA48B1CD6F3630042ED8D /* AFNetworking.h */,
				AEBDA48C1CD6F3630042ED8D /* AFNetworkReachabilityManager.h */,
				AEBDA48D1CD6F3630042ED8D /* AFNetworkReachabilityManager.m */,
				AEBDA48E1CD6F3630042ED8D /* AFSecurityPolicy.h */,
				AEBDA48F1CD6F3630042ED8D /* AFSecurityPolicy.m */,
				AEBDA4901CD6F3630042ED8D /* AFURLRequestSerialization.h */,
				AEBDA4911CD6F3630042ED8D /* AFURLRequestSerialization.m */,
				AEBDA4921CD6F3630042ED8D /* AFURLResponseSerialization.h */,
				AEBDA4931CD6F3630042ED8D /* AFURLResponseSerialization.m */,
				AEBDA4941CD6F3630042ED8D /* AFURLSessionManager.h */,
				AEBDA4951CD6F3630042ED8D /* AFURLSessionManager.m */,
			);
			path = AFNetworking;
			sourceTree = "<group>";
		};
		AEBDA49C1CD6F3700042ED8D /* UIKit+AFNetworking */ = {
			isa = PBXGroup;
			children = (
				AEBDA49D1CD6F3700042ED8D /* AFAutoPurgingImageCache.h */,
				AEBDA49E1CD6F3700042ED8D /* AFAutoPurgingImageCache.m */,
				AEBDA49F1CD6F3700042ED8D /* AFImageDownloader.h */,
				AEBDA4A01CD6F3700042ED8D /* AFImageDownloader.m */,
				AEBDA4A11CD6F3700042ED8D /* AFNetworkActivityIndicatorManager.h */,
				AEBDA4A21CD6F3700042ED8D /* AFNetworkActivityIndicatorManager.m */,
				AEBDA4A31CD6F3700042ED8D /* UIActivityIndicatorView+AFNetworking.h */,
				AEBDA4A41CD6F3700042ED8D /* UIActivityIndicatorView+AFNetworking.m */,
				AEBDA4A51CD6F3700042ED8D /* UIButton+AFNetworking.h */,
				AEBDA4A61CD6F3700042ED8D /* UIButton+AFNetworking.m */,
				AEBDA4A71CD6F3700042ED8D /* UIImage+AFNetworking.h */,
				AEBDA4A81CD6F3700042ED8D /* UIImageView+AFNetworking.h */,
				AEBDA4A91CD6F3700042ED8D /* UIImageView+AFNetworking.m */,
				AEBDA4AA1CD6F3700042ED8D /* UIKit+AFNetworking.h */,
				AEBDA4AB1CD6F3700042ED8D /* UIProgressView+AFNetworking.h */,
				AEBDA4AC1CD6F3700042ED8D /* UIProgressView+AFNetworking.m */,
				AEBDA4AD1CD6F3700042ED8D /* UIRefreshControl+AFNetworking.h */,
				AEBDA4AE1CD6F3700042ED8D /* UIRefreshControl+AFNetworking.m */,
				AEBDA4AF1CD6F3700042ED8D /* UIWebView+AFNetworking.h */,
				AEBDA4B01CD6F3700042ED8D /* UIWebView+AFNetworking.m */,
			);
			path = "UIKit+AFNetworking";
			sourceTree = "<group>";
		};
		AED31D5F1CBD594000A24622 /* Framework */ = {
			isa = PBXGroup;
			children = (
				AED31DAB1CC4A17A00A24622 /* libjpeg.a */,
				AED31D981CC48E4700A24622 /* opencv2.framework */,
			);
			name = Framework;
			sourceTree = "<group>";
		};
		AED31D9A1CC48E9000A24622 /* Support */ = {
			isa = PBXGroup;
			children = (
				AED31DB51CC57D9100A24622 /* kobe.png */,
				AED31DB31CC4B2CD00A24622 /* subject03.png */,
				AEDFB9BD1CD13EBC00FB32F7 /* angle.png */,
				AE13072F1CD2EEA800A788F1 /* test.png */,
				AEBDA4861CD6B3380042ED8D /* aligned_2.png */,
				AEDFB9B91CD071C300FB32F7 /* original */,
				AEDFB9B71CD06CD500FB32F7 /* xinyiface */,
				AED31DA21CC4912F00A24622 /* yalefaces */,
				AED31DB81CC5D47600A24622 /* OpenCVBridge.mm */,
				AED31DB71CC5D47600A24622 /* OpenCVBridge.h */,
				AEC9C8671CC5DF2F00A2CFA4 /* FisherFace.cpp */,
				AEC9C8681CC5DF2F00A2CFA4 /* FisherFace.hpp */,
				AED31D9B1CC48FAD00A24622 /* haarcascade_frontalface_default.xml */,
			);
			name = Support;
			sourceTree = "<group>";
		};
/* End PBXGroup section */

/* Begin PBXNativeTarget section */
		AE863A5C1C94CB9C00BCD2EC /* Psylocke */ = {
			isa = PBXNativeTarget;
			buildConfigurationList = AE863A6F1C94CB9D00BCD2EC /* Build configuration list for PBXNativeTarget "Psylocke" */;
			buildPhases = (
				AE863A591C94CB9C00BCD2EC /* Sources */,
				AE863A5A1C94CB9C00BCD2EC /* Frameworks */,
				AE863A5B1C94CB9C00BCD2EC /* Resources */,
			);
			buildRules = (
			);
			dependencies = (
			);
			name = Psylocke;
			productName = Psylocke;
			productReference = AE863A5D1C94CB9C00BCD2EC /* Psylocke.app */;
			productType = "com.apple.product-type.application";
		};
/* End PBXNativeTarget section */

/* Begin PBXProject section */
		AE863A551C94CB9C00BCD2EC /* Project object */ = {
			isa = PBXProject;
			attributes = {
				LastSwiftUpdateCheck = 0720;
				LastUpgradeCheck = 0720;
				ORGANIZATIONNAME = Xinyi;
				TargetAttributes = {
					AE863A5C1C94CB9C00BCD2EC = {
						CreatedOnToolsVersion = 7.2.1;
						DevelopmentTeam = ME4966827L;
					};
				};
			};
			buildConfigurationList = AE863A581C94CB9C00BCD2EC /* Build configuration list for PBXProject "Psylocke" */;
			compatibilityVersion = "Xcode 3.2";
			developmentRegion = English;
			hasScannedForEncodings = 0;
			knownRegions = (
				en,
				Base,
			);
			mainGroup = AE863A541C94CB9C00BCD2EC;
			productRefGroup = AE863A5E1C94CB9C00BCD2EC /* Products */;
			projectDirPath = "";
			projectRoot = "";
			targets = (
				AE863A5C1C94CB9C00BCD2EC /* Psylocke */,
			);
		};
/* End PBXProject section */

/* Begin PBXResourcesBuildPhase section */
		AE863A5B1C94CB9C00BCD2EC /* Resources */ = {
			isa = PBXResourcesBuildPhase;
			buildActionMask = 2147483647;
			files = (
				AE863A6B1C94CB9D00BCD2EC /* LaunchScreen.storyboard in Resources */,
				AEDFB9B81CD06CD500FB32F7 /* xinyiface in Resources */,
				AED31DB61CC57D9100A24622 /* kobe.png in Resources */,
				AEDFB9BA1CD071C300FB32F7 /* original in Resources */,
				AED31DA31CC4912F00A24622 /* yalefaces in Resources */,
				AEBDA4871CD6B3380042ED8D /* aligned_2.png in Resources */,
				AEDFB9BE1CD13EBC00FB32F7 /* angle.png in Resources */,
				AE863A681C94CB9D00BCD2EC /* Assets.xcassets in Resources */,
				AED31D9C1CC48FAD00A24622 /* haarcascade_frontalface_default.xml in Resources */,
				AE863A661C94CB9D00BCD2EC /* Main.storyboard in Resources */,
				AED31DB41CC4B2CD00A24622 /* subject03.png in Resources */,
				AE1307301CD2EEA800A788F1 /* test.png in Resources */,
			);
			runOnlyForDeploymentPostprocessing = 0;
		};
/* End PBXResourcesBuildPhase section */

/* Begin PBXSourcesBuildPhase section */
		AE863A591C94CB9C00BCD2EC /* Sources */ = {
			isa = PBXSourcesBuildPhase;
			buildActionMask = 2147483647;
			files = (
				AEBDA4991CD6F3630042ED8D /* AFURLRequestSerialization.m in Sources */,
				AEBDA4B61CD6F3700042ED8D /* UIImageView+AFNetworking.m in Sources */,
				AE863A631C94CB9D00BCD2EC /* ViewController.swift in Sources */,
				AEB7AB511C9741C000DCCFB5 /* Psylocke.swift in Sources */,
				AEBDA4B71CD6F3700042ED8D /* UIProgressView+AFNetworking.m in Sources */,
				AEBDA4B21CD6F3700042ED8D /* AFImageDownloader.m in Sources */,
				AEBDA4B11CD6F3700042ED8D /* AFAutoPurgingImageCache.m in Sources */,
				AEC9C8691CC5DF2F00A2CFA4 /* FisherFace.cpp in Sources */,
				AEBDA4B51CD6F3700042ED8D /* UIButton+AFNetworking.m in Sources */,
				AEBDA4B41CD6F3700042ED8D /* UIActivityIndicatorView+AFNetworking.m in Sources */,
				AEBDA49B1CD6F3630042ED8D /* AFURLSessionManager.m in Sources */,
				AEBDA4B81CD6F3700042ED8D /* UIRefreshControl+AFNetworking.m in Sources */,
				AEBDA4B91CD6F3700042ED8D /* UIWebView+AFNetworking.m in Sources */,
				AEBDA49A1CD6F3630042ED8D /* AFURLResponseSerialization.m in Sources */,
				AEBDA4971CD6F3630042ED8D /* AFNetworkReachabilityManager.m in Sources */,
				AEBDA4981CD6F3630042ED8D /* AFSecurityPolicy.m in Sources */,
				AEBDA4961CD6F3630042ED8D /* AFHTTPSessionManager.m in Sources */,
				AEBDA4BF1CD91F730042ED8D /* EntryViewController.swift in Sources */,
				AE863A611C94CB9D00BCD2EC /* AppDelegate.swift in Sources */,
				AEBDA4B31CD6F3700042ED8D /* AFNetworkActivityIndicatorManager.m in Sources */,
				AED31DB91CC5D47600A24622 /* OpenCVBridge.mm in Sources */,
			);
			runOnlyForDeploymentPostprocessing = 0;
		};
/* End PBXSourcesBuildPhase section */

/* Begin PBXVariantGroup section */
		AE863A641C94CB9D00BCD2EC /* Main.storyboard */ = {
			isa = PBXVariantGroup;
			children = (
				AE863A651C94CB9D00BCD2EC /* Base */,
			);
			name = Main.storyboard;
			sourceTree = "<group>";
		};
		AE863A691C94CB9D00BCD2EC /* LaunchScreen.storyboard */ = {
			isa = PBXVariantGroup;
			children = (
				AE863A6A1C94CB9D00BCD2EC /* Base */,
			);
			name = LaunchScreen.storyboard;
			sourceTree = "<group>";
		};
/* End PBXVariantGroup section */

/* Begin XCBuildConfiguration section */
		AE863A6D1C94CB9D00BCD2EC /* Debug */ = {
			isa = XCBuildConfiguration;
			buildSettings = {
				ALWAYS_SEARCH_USER_PATHS = NO;
				CLANG_CXX_LANGUAGE_STANDARD = "gnu++0x";
				CLANG_CXX_LIBRARY = "libc++";
				CLANG_ENABLE_MODULES = YES;
				CLANG_ENABLE_OBJC_ARC = YES;
				CLANG_WARN_BOOL_CONVERSION = YES;
				CLANG_WARN_CONSTANT_CONVERSION = YES;
				CLANG_WARN_DIRECT_OBJC_ISA_USAGE = YES_ERROR;
				CLANG_WARN_EMPTY_BODY = YES;
				CLANG_WARN_ENUM_CONVERSION = YES;
				CLANG_WARN_INT_CONVERSION = YES;
				CLANG_WARN_OBJC_ROOT_CLASS = YES_ERROR;
				CLANG_WARN_UNREACHABLE_CODE = YES;
				CLANG_WARN__DUPLICATE_METHOD_MATCH = YES;
				"CODE_SIGN_IDENTITY[sdk=iphoneos*]" = "iPhone Developer";
				COPY_PHASE_STRIP = NO;
				DEBUG_INFORMATION_FORMAT = dwarf;
				ENABLE_STRICT_OBJC_MSGSEND = YES;
				ENABLE_TESTABILITY = YES;
				GCC_C_LANGUAGE_STANDARD = gnu99;
				GCC_DYNAMIC_NO_PIC = NO;
				GCC_NO_COMMON_BLOCKS = YES;
				GCC_OPTIMIZATION_LEVEL = 0;
				GCC_PREPROCESSOR_DEFINITIONS = (
					"DEBUG=1",
					"$(inherited)",
				);
				GCC_WARN_64_TO_32_BIT_CONVERSION = YES;
				GCC_WARN_ABOUT_RETURN_TYPE = YES_ERROR;
				GCC_WARN_UNDECLARED_SELECTOR = YES;
				GCC_WARN_UNINITIALIZED_AUTOS = YES_AGGRESSIVE;
				GCC_WARN_UNUSED_FUNCTION = YES;
				GCC_WARN_UNUSED_VARIABLE = YES;
				IPHONEOS_DEPLOYMENT_TARGET = 9.2;
				MTL_ENABLE_DEBUG_INFO = YES;
				ONLY_ACTIVE_ARCH = YES;
				SDKROOT = iphoneos;
				SWIFT_OPTIMIZATION_LEVEL = "-Onone";
			};
			name = Debug;
		};
		AE863A6E1C94CB9D00BCD2EC /* Release */ = {
			isa = XCBuildConfiguration;
			buildSettings = {
				ALWAYS_SEARCH_USER_PATHS = NO;
				CLANG_CXX_LANGUAGE_STANDARD = "gnu++0x";
				CLANG_CXX_LIBRARY = "libc++";
				CLANG_ENABLE_MODULES = YES;
				CLANG_ENABLE_OBJC_ARC = YES;
				CLANG_WARN_BOOL_CONVERSION = YES;
				CLANG_WARN_CONSTANT_CONVERSION = YES;
				CLANG_WARN_DIRECT_OBJC_ISA_USAGE = YES_ERROR;
				CLANG_WARN_EMPTY_BODY = YES;
				CLANG_WARN_ENUM_CONVERSION = YES;
				CLANG_WARN_INT_CONVERSION = YES;
				CLANG_WARN_OBJC_ROOT_CLASS = YES_ERROR;
				CLANG_WARN_UNREACHABLE_CODE = YES;
				CLANG_WARN__DUPLICATE_METHOD_MATCH = YES;
				"CODE_SIGN_IDENTITY[sdk=iphoneos*]" = "iPhone Developer";
				COPY_PHASE_STRIP = NO;
				DEBUG_INFORMATION_FORMAT = "dwarf-with-dsym";
				ENABLE_NS_ASSERTIONS = NO;
				ENABLE_STRICT_OBJC_MSGSEND = YES;
				GCC_C_LANGUAGE_STANDARD = gnu99;
				GCC_NO_COMMON_BLOCKS = YES;
				GCC_WARN_64_TO_32_BIT_CONVERSION = YES;
				GCC_WARN_ABOUT_RETURN_TYPE = YES_ERROR;
				GCC_WARN_UNDECLARED_SELECTOR = YES;
				GCC_WARN_UNINITIALIZED_AUTOS = YES_AGGRESSIVE;
				GCC_WARN_UNUSED_FUNCTION = YES;
				GCC_WARN_UNUSED_VARIABLE = YES;
				IPHONEOS_DEPLOYMENT_TARGET = 9.2;
				MTL_ENABLE_DEBUG_INFO = NO;
				SDKROOT = iphoneos;
				VALIDATE_PRODUCT = YES;
			};
			name = Release;
		};
		AE863A701C94CB9D00BCD2EC /* Debug */ = {
			isa = XCBuildConfiguration;
			buildSettings = {
				ASSETCATALOG_COMPILER_APPICON_NAME = AppIcon;
				CLANG_ENABLE_MODULES = YES;
				CODE_SIGN_IDENTITY = "iPhone Developer";
				"CODE_SIGN_IDENTITY[sdk=iphoneos*]" = "iPhone Developer";
				ENABLE_BITCODE = NO;
				FRAMEWORK_SEARCH_PATHS = (
					"$(inherited)",
					"$(PROJECT_DIR)",
				);
				INFOPLIST_FILE = Psylocke/Info.plist;
				LD_RUNPATH_SEARCH_PATHS = "$(inherited) @executable_path/Frameworks";
				LIBRARY_SEARCH_PATHS = (
					"$(inherited)",
					"$(PROJECT_DIR)",
				);
				PRODUCT_BUNDLE_IDENTIFIER = com.xinyi.Psylocke;
				PRODUCT_NAME = "$(TARGET_NAME)";
				PROVISIONING_PROFILE = "";
				SWIFT_OBJC_BRIDGING_HEADER = "Psylocke-Bridging-Header.h";
				SWIFT_OPTIMIZATION_LEVEL = "-Onone";
			};
			name = Debug;
		};
		AE863A711C94CB9D00BCD2EC /* Release */ = {
			isa = XCBuildConfiguration;
			buildSettings = {
				ASSETCATALOG_COMPILER_APPICON_NAME = AppIcon;
				CLANG_ENABLE_MODULES = YES;
				CODE_SIGN_IDENTITY = "iPhone Developer";
				"CODE_SIGN_IDENTITY[sdk=iphoneos*]" = "iPhone Developer";
				ENABLE_BITCODE = NO;
				FRAMEWORK_SEARCH_PATHS = (
					"$(inherited)",
					"$(PROJECT_DIR)",
				);
				INFOPLIST_FILE = Psylocke/Info.plist;
				LD_RUNPATH_SEARCH_PATHS = "$(inherited) @executable_path/Frameworks";
				LIBRARY_SEARCH_PATHS = (
					"$(inherited)",
					"$(PROJECT_DIR)",
				);
				PRODUCT_BUNDLE_IDENTIFIER = com.xinyi.Psylocke;
				PRODUCT_NAME = "$(TARGET_NAME)";
				PROVISIONING_PROFILE = "";
				SWIFT_OBJC_BRIDGING_HEADER = "Psylocke-Bridging-Header.h";
			};
			name = Release;
		};
/* End XCBuildConfiguration section */

/* Begin XCConfigurationList section */
		AE863A581C94CB9C00BCD2EC /* Build configuration list for PBXProject "Psylocke" */ = {
			isa = XCConfigurationList;
			buildConfigurations = (
				AE863A6D1C94CB9D00BCD2EC /* Debug */,
				AE863A6E1C94CB9D00BCD2EC /* Release */,
			);
			defaultConfigurationIsVisible = 0;
			defaultConfigurationName = Release;
		};
		AE863A6F1C94CB9D00BCD2EC /* Build configuration list for PBXNativeTarget "Psylocke" */ = {
			isa = XCConfigurationList;
			buildConfigurations = (
				AE863A701C94CB9D00BCD2EC /* Debug */,
				AE863A711C94CB9D00BCD2EC /* Release */,
			);
			defaultConfigurationIsVisible = 0;
			defaultConfigurationName = Release;
		};
/* End XCConfigurationList section */
	};
	rootObject = AE863A551C94CB9C00BCD2EC /* Project object */;
}
